// !$*UTF8*$!
{
	archiveVersion = 1;
	classes = {
	};
	objectVersion = 50;
	objects = {

/* Begin PBXBuildFile section */
		5A869A4A23F2573A0026B555 /* AppDelegate.swift in Sources */ = {isa = PBXBuildFile; fileRef = 5A869A4923F2573A0026B555 /* AppDelegate.swift */; };
		5A869A4C23F2573A0026B555 /* SceneDelegate.swift in Sources */ = {isa = PBXBuildFile; fileRef = 5A869A4B23F2573A0026B555 /* SceneDelegate.swift */; };
		5A869A4E23F2573A0026B555 /* ContentView.swift in Sources */ = {isa = PBXBuildFile; fileRef = 5A869A4D23F2573A0026B555 /* ContentView.swift */; };
		5A869A5023F2573D0026B555 /* Assets.xcassets in Resources */ = {isa = PBXBuildFile; fileRef = 5A869A4F23F2573D0026B555 /* Assets.xcassets */; };
		5A869A5323F2573D0026B555 /* Preview Assets.xcassets in Resources */ = {isa = PBXBuildFile; fileRef = 5A869A5223F2573D0026B555 /* Preview Assets.xcassets */; };
		5A869A5623F2573D0026B555 /* LaunchScreen.storyboard in Resources */ = {isa = PBXBuildFile; fileRef = 5A869A5423F2573D0026B555 /* LaunchScreen.storyboard */; };
		5A869A5E23F25EE30026B555 /* SearchBar.swift in Sources */ = {isa = PBXBuildFile; fileRef = 5A869A5D23F25EE30026B555 /* SearchBar.swift */; };
		5A869A6023F25F410026B555 /* Extensions.swift in Sources */ = {isa = PBXBuildFile; fileRef = 5A869A5F23F25F410026B555 /* Extensions.swift */; };
		5A869A6223F25F7B0026B555 /* ViewModifiers.swift in Sources */ = {isa = PBXBuildFile; fileRef = 5A869A6123F25F7B0026B555 /* ViewModifiers.swift */; };
		5A869A6823F272610026B555 /* CourseSelectView.swift in Sources */ = {isa = PBXBuildFile; fileRef = 5A869A6723F272610026B555 /* CourseSelectView.swift */; };
		5A869A6A23F272C00026B555 /* CourseItemView.swift in Sources */ = {isa = PBXBuildFile; fileRef = 5A869A6923F272C00026B555 /* CourseItemView.swift */; };
		5A869A6C23F272F50026B555 /* Course.swift in Sources */ = {isa = PBXBuildFile; fileRef = 5A869A6B23F272F50026B555 /* Course.swift */; };
		5A869A6E23F275A90026B555 /* DataModel.swift in Sources */ = {isa = PBXBuildFile; fileRef = 5A869A6D23F275A90026B555 /* DataModel.swift */; };
		5A869A7023F276B00026B555 /* Constants.swift in Sources */ = {isa = PBXBuildFile; fileRef = 5A869A6F23F276B00026B555 /* Constants.swift */; };
		5A869A7223F278E30026B555 /* ViewModel.swift in Sources */ = {isa = PBXBuildFile; fileRef = 5A869A7123F278E30026B555 /* ViewModel.swift */; };
		5A869A7423F280400026B555 /* Section.swift in Sources */ = {isa = PBXBuildFile; fileRef = 5A869A7323F280400026B555 /* Section.swift */; };
		5A869A7823F284DD0026B555 /* CourseCompareView.swift in Sources */ = {isa = PBXBuildFile; fileRef = 5A869A7723F284DD0026B555 /* CourseCompareView.swift */; };
		5A869A7A23F285420026B555 /* CourseHeaderView.swift in Sources */ = {isa = PBXBuildFile; fileRef = 5A869A7923F285420026B555 /* CourseHeaderView.swift */; };
		5A869A7E23F287090026B555 /* SectionView.swift in Sources */ = {isa = PBXBuildFile; fileRef = 5A869A7D23F287090026B555 /* SectionView.swift */; };
		5A869A8023F2925D0026B555 /* SectionCompare.swift in Sources */ = {isa = PBXBuildFile; fileRef = 5A869A7F23F2925D0026B555 /* SectionCompare.swift */; };
		5A9A975F23F748060083434F /* ProfessorSelectViewModel.swift in Sources */ = {isa = PBXBuildFile; fileRef = 5A9A975E23F748060083434F /* ProfessorSelectViewModel.swift */; };
		5A9A976223F775100083434F /* CourseDetails.swift in Sources */ = {isa = PBXBuildFile; fileRef = 5A9A976123F775100083434F /* CourseDetails.swift */; };
		5A9A976623F776120083434F /* LoadingView.swift in Sources */ = {isa = PBXBuildFile; fileRef = 5A9A976523F776120083434F /* LoadingView.swift */; };
		5A9A976823F77D6F0083434F /* CourseDetailViewModel.swift in Sources */ = {isa = PBXBuildFile; fileRef = 5A9A976723F77D6F0083434F /* CourseDetailViewModel.swift */; };
		5A9A976A23F77DF80083434F /* CourseDetailView.swift in Sources */ = {isa = PBXBuildFile; fileRef = 5A9A976923F77DF80083434F /* CourseDetailView.swift */; };
/* End PBXBuildFile section */

/* Begin PBXFileReference section */
		5A869A4623F2573A0026B555 /* CourseShop.app */ = {isa = PBXFileReference; explicitFileType = wrapper.application; includeInIndex = 0; path = CourseShop.app; sourceTree = BUILT_PRODUCTS_DIR; };
		5A869A4923F2573A0026B555 /* AppDelegate.swift */ = {isa = PBXFileReference; lastKnownFileType = sourcecode.swift; path = AppDelegate.swift; sourceTree = "<group>"; };
		5A869A4B23F2573A0026B555 /* SceneDelegate.swift */ = {isa = PBXFileReference; lastKnownFileType = sourcecode.swift; path = SceneDelegate.swift; sourceTree = "<group>"; };
		5A869A4D23F2573A0026B555 /* ContentView.swift */ = {isa = PBXFileReference; lastKnownFileType = sourcecode.swift; path = ContentView.swift; sourceTree = "<group>"; };
		5A869A4F23F2573D0026B555 /* Assets.xcassets */ = {isa = PBXFileReference; lastKnownFileType = folder.assetcatalog; path = Assets.xcassets; sourceTree = "<group>"; };
		5A869A5223F2573D0026B555 /* Preview Assets.xcassets */ = {isa = PBXFileReference; lastKnownFileType = folder.assetcatalog; path = "Preview Assets.xcassets"; sourceTree = "<group>"; };
		5A869A5523F2573D0026B555 /* Base */ = {isa = PBXFileReference; lastKnownFileType = file.storyboard; name = Base; path = Base.lproj/LaunchScreen.storyboard; sourceTree = "<group>"; };
		5A869A5723F2573D0026B555 /* Info.plist */ = {isa = PBXFileReference; lastKnownFileType = text.plist.xml; path = Info.plist; sourceTree = "<group>"; };
		5A869A5D23F25EE30026B555 /* SearchBar.swift */ = {isa = PBXFileReference; lastKnownFileType = sourcecode.swift; path = SearchBar.swift; sourceTree = "<group>"; };
		5A869A5F23F25F410026B555 /* Extensions.swift */ = {isa = PBXFileReference; lastKnownFileType = sourcecode.swift; path = Extensions.swift; sourceTree = "<group>"; };
		5A869A6123F25F7B0026B555 /* ViewModifiers.swift */ = {isa = PBXFileReference; lastKnownFileType = sourcecode.swift; path = ViewModifiers.swift; sourceTree = "<group>"; };
		5A869A6723F272610026B555 /* CourseSelectView.swift */ = {isa = PBXFileReference; lastKnownFileType = sourcecode.swift; path = CourseSelectView.swift; sourceTree = "<group>"; };
		5A869A6923F272C00026B555 /* CourseItemView.swift */ = {isa = PBXFileReference; lastKnownFileType = sourcecode.swift; path = CourseItemView.swift; sourceTree = "<group>"; };
		5A869A6B23F272F50026B555 /* Course.swift */ = {isa = PBXFileReference; lastKnownFileType = sourcecode.swift; path = Course.swift; sourceTree = "<group>"; };
		5A869A6D23F275A90026B555 /* DataModel.swift */ = {isa = PBXFileReference; lastKnownFileType = sourcecode.swift; path = DataModel.swift; sourceTree = "<group>"; };
		5A869A6F23F276B00026B555 /* Constants.swift */ = {isa = PBXFileReference; lastKnownFileType = sourcecode.swift; path = Constants.swift; sourceTree = "<group>"; };
		5A869A7123F278E30026B555 /* ViewModel.swift */ = {isa = PBXFileReference; lastKnownFileType = sourcecode.swift; path = ViewModel.swift; sourceTree = "<group>"; };
		5A869A7323F280400026B555 /* Section.swift */ = {isa = PBXFileReference; lastKnownFileType = sourcecode.swift; path = Section.swift; sourceTree = "<group>"; };
		5A869A7723F284DD0026B555 /* CourseCompareView.swift */ = {isa = PBXFileReference; lastKnownFileType = sourcecode.swift; path = CourseCompareView.swift; sourceTree = "<group>"; };
		5A869A7923F285420026B555 /* CourseHeaderView.swift */ = {isa = PBXFileReference; lastKnownFileType = sourcecode.swift; path = CourseHeaderView.swift; sourceTree = "<group>"; };
		5A869A7D23F287090026B555 /* SectionView.swift */ = {isa = PBXFileReference; lastKnownFileType = sourcecode.swift; path = SectionView.swift; sourceTree = "<group>"; };
		5A869A7F23F2925D0026B555 /* SectionCompare.swift */ = {isa = PBXFileReference; lastKnownFileType = sourcecode.swift; path = SectionCompare.swift; sourceTree = "<group>"; };
		5A9A975E23F748060083434F /* ProfessorSelectViewModel.swift */ = {isa = PBXFileReference; lastKnownFileType = sourcecode.swift; path = ProfessorSelectViewModel.swift; sourceTree = "<group>"; };
		5A9A976123F775100083434F /* CourseDetails.swift */ = {isa = PBXFileReference; lastKnownFileType = sourcecode.swift; path = CourseDetails.swift; sourceTree = "<group>"; };
		5A9A976523F776120083434F /* LoadingView.swift */ = {isa = PBXFileReference; lastKnownFileType = sourcecode.swift; path = LoadingView.swift; sourceTree = "<group>"; };
		5A9A976723F77D6F0083434F /* CourseDetailViewModel.swift */ = {isa = PBXFileReference; lastKnownFileType = sourcecode.swift; path = CourseDetailViewModel.swift; sourceTree = "<group>"; };
		5A9A976923F77DF80083434F /* CourseDetailView.swift */ = {isa = PBXFileReference; lastKnownFileType = sourcecode.swift; path = CourseDetailView.swift; sourceTree = "<group>"; };
/* End PBXFileReference section */

/* Begin PBXFrameworksBuildPhase section */
		5A869A4323F2573A0026B555 /* Frameworks */ = {
			isa = PBXFrameworksBuildPhase;
			buildActionMask = 2147483647;
			files = (
			);
			runOnlyForDeploymentPostprocessing = 0;
		};
/* End PBXFrameworksBuildPhase section */

/* Begin PBXGroup section */
		5A869A3D23F2573A0026B555 = {
			isa = PBXGroup;
			children = (
				5A869A4823F2573A0026B555 /* CourseShop */,
				5A869A4723F2573A0026B555 /* Products */,
			);
			sourceTree = "<group>";
		};
		5A869A4723F2573A0026B555 /* Products */ = {
			isa = PBXGroup;
			children = (
				5A869A4623F2573A0026B555 /* CourseShop.app */,
			);
			name = Products;
			sourceTree = "<group>";
		};
		5A869A4823F2573A0026B555 /* CourseShop */ = {
			isa = PBXGroup;
			children = (
				5A869A4923F2573A0026B555 /* AppDelegate.swift */,
				5A869A4B23F2573A0026B555 /* SceneDelegate.swift */,
				5A869A6F23F276B00026B555 /* Constants.swift */,
				5A9A976523F776120083434F /* LoadingView.swift */,
				5A9A976423F775F80083434F /* Models */,
				5A9A976323F775EA0083434F /* ViewModels */,
				5A869A6323F25FA40026B555 /* Views */,
				5A869A6423F25FAE0026B555 /* Misc */,
				5A869A4F23F2573D0026B555 /* Assets.xcassets */,
				5A869A5423F2573D0026B555 /* LaunchScreen.storyboard */,
				5A869A5723F2573D0026B555 /* Info.plist */,
				5A869A5123F2573D0026B555 /* Preview Content */,
			);
			path = CourseShop;
			sourceTree = "<group>";
		};
		5A869A5123F2573D0026B555 /* Preview Content */ = {
			isa = PBXGroup;
			children = (
				5A869A5223F2573D0026B555 /* Preview Assets.xcassets */,
			);
			path = "Preview Content";
			sourceTree = "<group>";
		};
		5A869A6323F25FA40026B555 /* Views */ = {
			isa = PBXGroup;
			children = (
				5A869A5D23F25EE30026B555 /* SearchBar.swift */,
				5A869A4D23F2573A0026B555 /* ContentView.swift */,
				5A9A976023F74E340083434F /* Section Compare */,
				5A869A7C23F285590026B555 /* Course Select */,
				5A869A7B23F285490026B555 /* Course Compare */,
			);
			path = Views;
			sourceTree = "<group>";
		};
		5A869A6423F25FAE0026B555 /* Misc */ = {
			isa = PBXGroup;
			children = (
				5A869A6123F25F7B0026B555 /* ViewModifiers.swift */,
				5A869A5F23F25F410026B555 /* Extensions.swift */,
			);
			path = Misc;
			sourceTree = "<group>";
		};
		5A869A7B23F285490026B555 /* Course Compare */ = {
			isa = PBXGroup;
			children = (
				5A869A7723F284DD0026B555 /* CourseCompareView.swift */,
				5A869A7923F285420026B555 /* CourseHeaderView.swift */,
				5A869A7D23F287090026B555 /* SectionView.swift */,
				5A9A976923F77DF80083434F /* CourseDetailView.swift */,
			);
			path = "Course Compare";
			sourceTree = "<group>";
		};
		5A869A7C23F285590026B555 /* Course Select */ = {
			isa = PBXGroup;
			children = (
				5A869A6723F272610026B555 /* CourseSelectView.swift */,
				5A869A6923F272C00026B555 /* CourseItemView.swift */,
			);
			path = "Course Select";
			sourceTree = "<group>";
		};
		5A9A976023F74E340083434F /* Section Compare */ = {
			isa = PBXGroup;
			children = (
				5A869A7F23F2925D0026B555 /* SectionCompare.swift */,
			);
			path = "Section Compare";
			sourceTree = "<group>";
		};
		5A9A976323F775EA0083434F /* ViewModels */ = {
			isa = PBXGroup;
			children = (
				5A869A7123F278E30026B555 /* ViewModel.swift */,
				5A9A975E23F748060083434F /* ProfessorSelectViewModel.swift */,
				5A9A976723F77D6F0083434F /* CourseDetailViewModel.swift */,
			);
			path = ViewModels;
			sourceTree = "<group>";
		};
		5A9A976423F775F80083434F /* Models */ = {
			isa = PBXGroup;
			children = (
				5A869A6B23F272F50026B555 /* Course.swift */,
				5A9A976123F775100083434F /* CourseDetails.swift */,
				5A869A7323F280400026B555 /* Section.swift */,
				5A869A6D23F275A90026B555 /* DataModel.swift */,
			);
			path = Models;
			sourceTree = "<group>";
		};
/* End PBXGroup section */

/* Begin PBXNativeTarget section */
		5A869A4523F2573A0026B555 /* CourseShop */ = {
			isa = PBXNativeTarget;
			buildConfigurationList = 5A869A5A23F2573D0026B555 /* Build configuration list for PBXNativeTarget "CourseShop" */;
			buildPhases = (
				5A869A4223F2573A0026B555 /* Sources */,
				5A869A4323F2573A0026B555 /* Frameworks */,
				5A869A4423F2573A0026B555 /* Resources */,
			);
			buildRules = (
			);
			dependencies = (
			);
			name = CourseShop;
			productName = CourseShop;
			productReference = 5A869A4623F2573A0026B555 /* CourseShop.app */;
			productType = "com.apple.product-type.application";
		};
/* End PBXNativeTarget section */

/* Begin PBXProject section */
		5A869A3E23F2573A0026B555 /* Project object */ = {
			isa = PBXProject;
			attributes = {
				LastSwiftUpdateCheck = 1130;
				LastUpgradeCheck = 1130;
				ORGANIZATIONNAME = MatchA;
				TargetAttributes = {
					5A869A4523F2573A0026B555 = {
						CreatedOnToolsVersion = 11.3.1;
					};
				};
			};
			buildConfigurationList = 5A869A4123F2573A0026B555 /* Build configuration list for PBXProject "CourseShop" */;
			compatibilityVersion = "Xcode 9.3";
			developmentRegion = en;
			hasScannedForEncodings = 0;
			knownRegions = (
				en,
				Base,
			);
			mainGroup = 5A869A3D23F2573A0026B555;
			productRefGroup = 5A869A4723F2573A0026B555 /* Products */;
			projectDirPath = "";
			projectRoot = "";
			targets = (
				5A869A4523F2573A0026B555 /* CourseShop */,
			);
		};
/* End PBXProject section */

/* Begin PBXResourcesBuildPhase section */
		5A869A4423F2573A0026B555 /* Resources */ = {
			isa = PBXResourcesBuildPhase;
			buildActionMask = 2147483647;
			files = (
				5A869A5623F2573D0026B555 /* LaunchScreen.storyboard in Resources */,
				5A869A5323F2573D0026B555 /* Preview Assets.xcassets in Resources */,
				5A869A5023F2573D0026B555 /* Assets.xcassets in Resources */,
			);
			runOnlyForDeploymentPostprocessing = 0;
		};
/* End PBXResourcesBuildPhase section */

/* Begin PBXSourcesBuildPhase section */
		5A869A4223F2573A0026B555 /* Sources */ = {
			isa = PBXSourcesBuildPhase;
			buildActionMask = 2147483647;
			files = (
				5A869A6C23F272F50026B555 /* Course.swift in Sources */,
				5A869A7023F276B00026B555 /* Constants.swift in Sources */,
				5A869A6023F25F410026B555 /* Extensions.swift in Sources */,
				5A869A7A23F285420026B555 /* CourseHeaderView.swift in Sources */,
				5A869A4A23F2573A0026B555 /* AppDelegate.swift in Sources */,
				5A869A6A23F272C00026B555 /* CourseItemView.swift in Sources */,
				5A9A975F23F748060083434F /* ProfessorSelectViewModel.swift in Sources */,
				5A869A6823F272610026B555 /* CourseSelectView.swift in Sources */,
				5A9A976A23F77DF80083434F /* CourseDetailView.swift in Sources */,
				5A869A6E23F275A90026B555 /* DataModel.swift in Sources */,
				5A869A7423F280400026B555 /* Section.swift in Sources */,
				5A869A5E23F25EE30026B555 /* SearchBar.swift in Sources */,
				5A869A6223F25F7B0026B555 /* ViewModifiers.swift in Sources */,
				5A869A4C23F2573A0026B555 /* SceneDelegate.swift in Sources */,
				5A9A976623F776120083434F /* LoadingView.swift in Sources */,
				5A9A976223F775100083434F /* CourseDetails.swift in Sources */,
				5A869A7E23F287090026B555 /* SectionView.swift in Sources */,
				5A869A8023F2925D0026B555 /* SectionCompare.swift in Sources */,
				5A869A7823F284DD0026B555 /* CourseCompareView.swift in Sources */,
				5A869A7223F278E30026B555 /* ViewModel.swift in Sources */,
				5A869A4E23F2573A0026B555 /* ContentView.swift in Sources */,
				5A9A976823F77D6F0083434F /* CourseDetailViewModel.swift in Sources */,
			);
			runOnlyForDeploymentPostprocessing = 0;
		};
/* End PBXSourcesBuildPhase section */

/* Begin PBXVariantGroup section */
		5A869A5423F2573D0026B555 /* LaunchScreen.storyboard */ = {
			isa = PBXVariantGroup;
			children = (
				5A869A5523F2573D0026B555 /* Base */,
			);
			name = LaunchScreen.storyboard;
			sourceTree = "<group>";
		};
/* End PBXVariantGroup section */

/* Begin XCBuildConfiguration section */
		5A869A5823F2573D0026B555 /* Debug */ = {
			isa = XCBuildConfiguration;
			buildSettings = {
				ALWAYS_SEARCH_USER_PATHS = NO;
				CLANG_ANALYZER_NONNULL = YES;
				CLANG_ANALYZER_NUMBER_OBJECT_CONVERSION = YES_AGGRESSIVE;
				CLANG_CXX_LANGUAGE_STANDARD = "gnu++14";
				CLANG_CXX_LIBRARY = "libc++";
				CLANG_ENABLE_MODULES = YES;
				CLANG_ENABLE_OBJC_ARC = YES;
				CLANG_ENABLE_OBJC_WEAK = YES;
				CLANG_WARN_BLOCK_CAPTURE_AUTORELEASING = YES;
				CLANG_WARN_BOOL_CONVERSION = YES;
				CLANG_WARN_COMMA = YES;
				CLANG_WARN_CONSTANT_CONVERSION = YES;
				CLANG_WARN_DEPRECATED_OBJC_IMPLEMENTATIONS = YES;
				CLANG_WARN_DIRECT_OBJC_ISA_USAGE = YES_ERROR;
				CLANG_WARN_DOCUMENTATION_COMMENTS = YES;
				CLANG_WARN_EMPTY_BODY = YES;
				CLANG_WARN_ENUM_CONVERSION = YES;
				CLANG_WARN_INFINITE_RECURSION = YES;
				CLANG_WARN_INT_CONVERSION = YES;
				CLANG_WARN_NON_LITERAL_NULL_CONVERSION = YES;
				CLANG_WARN_OBJC_IMPLICIT_RETAIN_SELF = YES;
				CLANG_WARN_OBJC_LITERAL_CONVERSION = YES;
				CLANG_WARN_OBJC_ROOT_CLASS = YES_ERROR;
				CLANG_WARN_RANGE_LOOP_ANALYSIS = YES;
				CLANG_WARN_STRICT_PROTOTYPES = YES;
				CLANG_WARN_SUSPICIOUS_MOVE = YES;
				CLANG_WARN_UNGUARDED_AVAILABILITY = YES_AGGRESSIVE;
				CLANG_WARN_UNREACHABLE_CODE = YES;
				CLANG_WARN__DUPLICATE_METHOD_MATCH = YES;
				COPY_PHASE_STRIP = NO;
				DEBUG_INFORMATION_FORMAT = dwarf;
				ENABLE_STRICT_OBJC_MSGSEND = YES;
				ENABLE_TESTABILITY = YES;
				GCC_C_LANGUAGE_STANDARD = gnu11;
				GCC_DYNAMIC_NO_PIC = NO;
				GCC_NO_COMMON_BLOCKS = YES;
				GCC_OPTIMIZATION_LEVEL = 0;
				GCC_PREPROCESSOR_DEFINITIONS = (
					"DEBUG=1",
					"$(inherited)",
				);
				GCC_WARN_64_TO_32_BIT_CONVERSION = YES;
				GCC_WARN_ABOUT_RETURN_TYPE = YES_ERROR;
				GCC_WARN_UNDECLARED_SELECTOR = YES;
				GCC_WARN_UNINITIALIZED_AUTOS = YES_AGGRESSIVE;
				GCC_WARN_UNUSED_FUNCTION = YES;
				GCC_WARN_UNUSED_VARIABLE = YES;
				IPHONEOS_DEPLOYMENT_TARGET = 13.2;
				MTL_ENABLE_DEBUG_INFO = INCLUDE_SOURCE;
				MTL_FAST_MATH = YES;
				ONLY_ACTIVE_ARCH = YES;
				SDKROOT = iphoneos;
				SWIFT_ACTIVE_COMPILATION_CONDITIONS = DEBUG;
				SWIFT_OPTIMIZATION_LEVEL = "-Onone";
			};
			name = Debug;
		};
		5A869A5923F2573D0026B555 /* Release */ = {
			isa = XCBuildConfiguration;
			buildSettings = {
				ALWAYS_SEARCH_USER_PATHS = NO;
				CLANG_ANALYZER_NONNULL = YES;
				CLANG_ANALYZER_NUMBER_OBJECT_CONVERSION = YES_AGGRESSIVE;
				CLANG_CXX_LANGUAGE_STANDARD = "gnu++14";
				CLANG_CXX_LIBRARY = "libc++";
				CLANG_ENABLE_MODULES = YES;
				CLANG_ENABLE_OBJC_ARC = YES;
				CLANG_ENABLE_OBJC_WEAK = YES;
				CLANG_WARN_BLOCK_CAPTURE_AUTORELEASING = YES;
				CLANG_WARN_BOOL_CONVERSION = YES;
				CLANG_WARN_COMMA = YES;
				CLANG_WARN_CONSTANT_CONVERSION = YES;
				CLANG_WARN_DEPRECATED_OBJC_IMPLEMENTATIONS = YES;
				CLANG_WARN_DIRECT_OBJC_ISA_USAGE = YES_ERROR;
				CLANG_WARN_DOCUMENTATION_COMMENTS = YES;
				CLANG_WARN_EMPTY_BODY = YES;
				CLANG_WARN_ENUM_CONVERSION = YES;
				CLANG_WARN_INFINITE_RECURSION = YES;
				CLANG_WARN_INT_CONVERSION = YES;
				CLANG_WARN_NON_LITERAL_NULL_CONVERSION = YES;
				CLANG_WARN_OBJC_IMPLICIT_RETAIN_SELF = YES;
				CLANG_WARN_OBJC_LITERAL_CONVERSION = YES;
				CLANG_WARN_OBJC_ROOT_CLASS = YES_ERROR;
				CLANG_WARN_RANGE_LOOP_ANALYSIS = YES;
				CLANG_WARN_STRICT_PROTOTYPES = YES;
				CLANG_WARN_SUSPICIOUS_MOVE = YES;
				CLANG_WARN_UNGUARDED_AVAILABILITY = YES_AGGRESSIVE;
				CLANG_WARN_UNREACHABLE_CODE = YES;
				CLANG_WARN__DUPLICATE_METHOD_MATCH = YES;
				COPY_PHASE_STRIP = NO;
				DEBUG_INFORMATION_FORMAT = "dwarf-with-dsym";
				ENABLE_NS_ASSERTIONS = NO;
				ENABLE_STRICT_OBJC_MSGSEND = YES;
				GCC_C_LANGUAGE_STANDARD = gnu11;
				GCC_NO_COMMON_BLOCKS = YES;
				GCC_WARN_64_TO_32_BIT_CONVERSION = YES;
				GCC_WARN_ABOUT_RETURN_TYPE = YES_ERROR;
				GCC_WARN_UNDECLARED_SELECTOR = YES;
				GCC_WARN_UNINITIALIZED_AUTOS = YES_AGGRESSIVE;
				GCC_WARN_UNUSED_FUNCTION = YES;
				GCC_WARN_UNUSED_VARIABLE = YES;
				IPHONEOS_DEPLOYMENT_TARGET = 13.2;
				MTL_ENABLE_DEBUG_INFO = NO;
				MTL_FAST_MATH = YES;
				SDKROOT = iphoneos;
				SWIFT_COMPILATION_MODE = wholemodule;
				SWIFT_OPTIMIZATION_LEVEL = "-O";
				VALIDATE_PRODUCT = YES;
			};
			name = Release;
		};
		5A869A5B23F2573D0026B555 /* Debug */ = {
			isa = XCBuildConfiguration;
			buildSettings = {
				ASSETCATALOG_COMPILER_APPICON_NAME = AppIcon;
				CODE_SIGN_STYLE = Automatic;
				DEVELOPMENT_ASSET_PATHS = "\"CourseShop/Preview Content\"";
				DEVELOPMENT_TEAM = 5XC5483PFF;
				ENABLE_PREVIEWS = YES;
				INFOPLIST_FILE = CourseShop/Info.plist;
				LD_RUNPATH_SEARCH_PATHS = (
					"$(inherited)",
					"@executable_path/Frameworks",
				);
				PRODUCT_BUNDLE_IDENTIFIER = com.MatchA.CourseShop;
				PRODUCT_NAME = "$(TARGET_NAME)";
				SWIFT_VERSION = 5.0;
				TARGETED_DEVICE_FAMILY = "1,2";
			};
			name = Debug;
		};
		5A869A5C23F2573D0026B555 /* Release */ = {
			isa = XCBuildConfiguration;
			buildSettings = {
				ASSETCATALOG_COMPILER_APPICON_NAME = AppIcon;
				CODE_SIGN_STYLE = Automatic;
				DEVELOPMENT_ASSET_PATHS = "\"CourseShop/Preview Content\"";
				DEVELOPMENT_TEAM = 5XC5483PFF;
				ENABLE_PREVIEWS = YES;
				INFOPLIST_FILE = CourseShop/Info.plist;
				LD_RUNPATH_SEARCH_PATHS = (
					"$(inherited)",
					"@executable_path/Frameworks",
				);
				PRODUCT_BUNDLE_IDENTIFIER = com.MatchA.CourseShop;
				PRODUCT_NAME = "$(TARGET_NAME)";
				SWIFT_VERSION = 5.0;
				TARGETED_DEVICE_FAMILY = "1,2";
			};
			name = Release;
		};
/* End XCBuildConfiguration section */

/* Begin XCConfigurationList section */
		5A869A4123F2573A0026B555 /* Build configuration list for PBXProject "CourseShop" */ = {
			isa = XCConfigurationList;
			buildConfigurations = (
				5A869A5823F2573D0026B555 /* Debug */,
				5A869A5923F2573D0026B555 /* Release */,
			);
			defaultConfigurationIsVisible = 0;
			defaultConfigurationName = Release;
		};
		5A869A5A23F2573D0026B555 /* Build configuration list for PBXNativeTarget "CourseShop" */ = {
			isa = XCConfigurationList;
			buildConfigurations = (
				5A869A5B23F2573D0026B555 /* Debug */,
				5A869A5C23F2573D0026B555 /* Release */,
			);
			defaultConfigurationIsVisible = 0;
			defaultConfigurationName = Release;
		};
/* End XCConfigurationList section */
	};
	rootObject = 5A869A3E23F2573A0026B555 /* Project object */;
}
